
Microsoft Visual Studio Solution File, Format Version 12.00
Project("{FAE04EC0-301F-11D3-BF4B-00C04F79EFBC}") = "ConsoleLang", "ConsoleLang\ConsoleLang.csproj", "{BDBF94ED-AB61-43FE-BB81-56F695446A22}"
EndProject
Global
	GlobalSection(SolutionConfigurationPlatforms) = preSolution
		Debug|Any CPU = Debug|Any CPU
		Release|Any CPU = Release|Any CPU
	EndGlobalSection
	GlobalSection(ProjectConfigurationPlatforms) = postSolution
		{BDBF94ED-AB61-43FE-BB81-56F695446A22}.Debug|Any CPU.ActiveCfg = Debug|Any CPU
		{BDBF94ED-AB61-43FE-BB81-56F695446A22}.Debug|Any CPU.Build.0 = Debug|Any CPU
		{BDBF94ED-AB61-43FE-BB81-56F695446A22}.Release|Any CPU.ActiveCfg = Release|Any CPU
		{BDBF94ED-AB61-43FE-BB81-56F695446A22}.Release|Any CPU.Build.0 = Release|Any CPU
	EndGlobalSection
EndGlobal
